
Microsoft Visual Studio Solution File, Format Version 12.00
# Visual Studio Version 16
VisualStudioVersion = 16.0.30114.105
MinimumVisualStudioVersion = 10.0.40219.1
Project("{FAE04EC0-301F-11D3-BF4B-00C04F79EFBC}") = "OsuBeatmapParser", "OsuBeatmapParser\OsuBeatmapParser.csproj", "{288E79DB-C569-4A63-83EA-7C1563065847}"
EndProject
Project("{FAE04EC0-301F-11D3-BF4B-00C04F79EFBC}") = "OsuBeatmapParser.Tests", "OsuBeatmapParser.Tests\OsuBeatmapParser.Tests.csproj", "{1D029C43-F6D7-49D6-BFA7-F6CF0DFE104A}"
EndProject
Global
	GlobalSection(SolutionConfigurationPlatforms) = preSolution
		Debug|Any CPU = Debug|Any CPU
		Release|Any CPU = Release|Any CPU
	EndGlobalSection
	GlobalSection(SolutionProperties) = preSolution
		HideSolutionNode = FALSE
	EndGlobalSection
	GlobalSection(ProjectConfigurationPlatforms) = postSolution
		{288E79DB-C569-4A63-83EA-7C1563065847}.Debug|Any CPU.ActiveCfg = Debug|Any CPU
		{288E79DB-C569-4A63-83EA-7C1563065847}.Debug|Any CPU.Build.0 = Debug|Any CPU
		{288E79DB-C569-4A63-83EA-7C1563065847}.Release|Any CPU.ActiveCfg = Release|Any CPU
		{288E79DB-C569-4A63-83EA-7C1563065847}.Release|Any CPU.Build.0 = Release|Any CPU
		{1D029C43-F6D7-49D6-BFA7-F6CF0DFE104A}.Debug|Any CPU.ActiveCfg = Debug|Any CPU
		{1D029C43-F6D7-49D6-BFA7-F6CF0DFE104A}.Debug|Any CPU.Build.0 = Debug|Any CPU
		{1D029C43-F6D7-49D6-BFA7-F6CF0DFE104A}.Release|Any CPU.ActiveCfg = Release|Any CPU
		{1D029C43-F6D7-49D6-BFA7-F6CF0DFE104A}.Release|Any CPU.Build.0 = Release|Any CPU
	EndGlobalSection
EndGlobal
